
Microsoft Visual Studio Solution File, Format Version 12.00
# Visual Studio 15
VisualStudioVersion = 15.0.26228.9
MinimumVisualStudioVersion = 10.0.40219.1
Project("{FAE04EC0-301F-11D3-BF4B-00C04F79EFBC}") = "Server", "Server\Server.csproj", "{6F4829D4-E0A8-486D-93F2-0988F6A6D4CC}"
EndProject
Project("{2150E333-8FDC-42A3-9474-1A3956D46DE8}") = "Solution Items", "Solution Items", "{EB65BD06-9EA2-4A26-A28F-EBF48A7E54D8}"
	ProjectSection(SolutionItems) = preProject
		..\..\acl.xml = ..\..\acl.xml
		meta.xml = meta.xml
		..\..\settings.xml = ..\..\settings.xml
	EndProjectSection
EndProject
Global
	GlobalSection(SolutionConfigurationPlatforms) = preSolution
		Debug|Any CPU = Debug|Any CPU
		Release|Any CPU = Release|Any CPU
	EndGlobalSection
	GlobalSection(ProjectConfigurationPlatforms) = postSolution
		{6F4829D4-E0A8-486D-93F2-0988F6A6D4CC}.Debug|Any CPU.ActiveCfg = Debug|Any CPU
		{6F4829D4-E0A8-486D-93F2-0988F6A6D4CC}.Debug|Any CPU.Build.0 = Debug|Any CPU
		{6F4829D4-E0A8-486D-93F2-0988F6A6D4CC}.Release|Any CPU.ActiveCfg = Release|Any CPU
		{6F4829D4-E0A8-486D-93F2-0988F6A6D4CC}.Release|Any CPU.Build.0 = Release|Any CPU
	EndGlobalSection
	GlobalSection(SolutionProperties) = preSolution
		HideSolutionNode = FALSE
	EndGlobalSection
EndGlobal
